
Microsoft Visual Studio Solution File, Format Version 12.00
# Visual Studio Version 16
VisualStudioVersion = 16.0.30621.155
MinimumVisualStudioVersion = 10.0.40219.1
Project("{FAE04EC0-301F-11D3-BF4B-00C04F79EFBC}") = "GatesNBalls", "GatesNBalls\GatesNBalls.csproj", "{4C89B1AA-A4D9-479F-87EF-F70B149CA7C1}"
EndProject
Project("{FAE04EC0-301F-11D3-BF4B-00C04F79EFBC}") = "UnitTests", "UnitTests\UnitTests.csproj", "{08E6C28A-D5AE-4EAF-B37C-ADB2F9786D99}"
EndProject
Global
	GlobalSection(SolutionConfigurationPlatforms) = preSolution
		Debug|Any CPU = Debug|Any CPU
		Release|Any CPU = Release|Any CPU
	EndGlobalSection
	GlobalSection(ProjectConfigurationPlatforms) = postSolution
		{4C89B1AA-A4D9-479F-87EF-F70B149CA7C1}.Debug|Any CPU.ActiveCfg = Debug|Any CPU
		{4C89B1AA-A4D9-479F-87EF-F70B149CA7C1}.Debug|Any CPU.Build.0 = Debug|Any CPU
		{4C89B1AA-A4D9-479F-87EF-F70B149CA7C1}.Release|Any CPU.ActiveCfg = Release|Any CPU
		{4C89B1AA-A4D9-479F-87EF-F70B149CA7C1}.Release|Any CPU.Build.0 = Release|Any CPU
		{08E6C28A-D5AE-4EAF-B37C-ADB2F9786D99}.Debug|Any CPU.ActiveCfg = Debug|Any CPU
		{08E6C28A-D5AE-4EAF-B37C-ADB2F9786D99}.Debug|Any CPU.Build.0 = Debug|Any CPU
		{08E6C28A-D5AE-4EAF-B37C-ADB2F9786D99}.Release|Any CPU.ActiveCfg = Release|Any CPU
		{08E6C28A-D5AE-4EAF-B37C-ADB2F9786D99}.Release|Any CPU.Build.0 = Release|Any CPU
	EndGlobalSection
	GlobalSection(SolutionProperties) = preSolution
		HideSolutionNode = FALSE
	EndGlobalSection
	GlobalSection(ExtensibilityGlobals) = postSolution
		SolutionGuid = {DA346B95-2708-4FC8-9A5F-6C8BAF54EBB3}
	EndGlobalSection
EndGlobal
